
Microsoft Visual Studio Solution File, Format Version 12.00
# Visual Studio 15
VisualStudioVersion = 15.0.27428.2027
MinimumVisualStudioVersion = 10.0.40219.1
Project("{FAE04EC0-301F-11D3-BF4B-00C04F79EFBC}") = "LordsMobile", "LordsMobile\LordsMobile.csproj", "{47ABE40E-439C-42B6-8A9F-3998427CEE97}"
EndProject
Global
	GlobalSection(SolutionConfigurationPlatforms) = preSolution
		Debug|Any CPU = Debug|Any CPU
		Release|Any CPU = Release|Any CPU
	EndGlobalSection
	GlobalSection(ProjectConfigurationPlatforms) = postSolution
		{47ABE40E-439C-42B6-8A9F-3998427CEE97}.Debug|Any CPU.ActiveCfg = Debug|Any CPU
		{47ABE40E-439C-42B6-8A9F-3998427CEE97}.Debug|Any CPU.Build.0 = Debug|Any CPU
		{47ABE40E-439C-42B6-8A9F-3998427CEE97}.Release|Any CPU.ActiveCfg = Release|Any CPU
		{47ABE40E-439C-42B6-8A9F-3998427CEE97}.Release|Any CPU.Build.0 = Release|Any CPU
	EndGlobalSection
	GlobalSection(SolutionProperties) = preSolution
		HideSolutionNode = FALSE
	EndGlobalSection
	GlobalSection(ExtensibilityGlobals) = postSolution
		SolutionGuid = {6B0C83A0-4BA5-408E-AF72-00A4120591E7}
	EndGlobalSection
EndGlobal
